
Microsoft Visual Studio Solution File, Format Version 12.00
# Visual Studio 15
VisualStudioVersion = 15.0.27130.2024
MinimumVisualStudioVersion = 10.0.40219.1
Project("{FAE04EC0-301F-11D3-BF4B-00C04F79EFBC}") = "StrayG.Amazon", "StrayG.Amazon\StrayG.Amazon.csproj", "{BA252FD9-CCEC-45F8-8686-1C49F06E3513}"
EndProject
Project("{FAE04EC0-301F-11D3-BF4B-00C04F79EFBC}") = "StrayG.Boats", "StrayG.Boats\StrayG.Boats.csproj", "{1F18D278-DAEE-49DD-B335-7F41BFB9C8AC}"
EndProject
Project("{FAE04EC0-301F-11D3-BF4B-00C04F79EFBC}") = "StrayG.Core", "StrayG.Core\StrayG.Core.csproj", "{B105C02B-5DC2-4338-B058-B2FEDE130922}"
EndProject
Project("{FAE04EC0-301F-11D3-BF4B-00C04F79EFBC}") = "StrayG.Module", "StrayG.Module\StrayG.Module.csproj", "{1F76BB1B-3EF4-4361-A276-B884C9BDF4C5}"
EndProject
Project("{FAE04EC0-301F-11D3-BF4B-00C04F79EFBC}") = "StrayG.Module.Web", "StrayG.Module.Web\StrayG.Module.Web.csproj", "{CCE9989C-24EE-4E53-8C4E-1BE4B58D55D1}"
EndProject
Project("{FAE04EC0-301F-11D3-BF4B-00C04F79EFBC}") = "StrayG.Module.Win", "StrayG.Module.Win\StrayG.Module.Win.csproj", "{FCE25A91-8B3B-4993-8275-5C6F8CF7C13C}"
EndProject
Project("{FAE04EC0-301F-11D3-BF4B-00C04F79EFBC}") = "StrayG.Plaid", "StrayG.Plaid\StrayG.Plaid.csproj", "{EA123129-B1B7-4BAE-9220-D53C6B3FFC1F}"
EndProject
Project("{FAE04EC0-301F-11D3-BF4B-00C04F79EFBC}") = "StrayG.Test", "StrayG.Test\StrayG.Test.csproj", "{43A71903-05A7-4A41-8321-8A1C37FD52AA}"
EndProject
Project("{FAE04EC0-301F-11D3-BF4B-00C04F79EFBC}") = "StrayG.Walmart", "StrayG.Walmart\StrayG.Walmart.csproj", "{5759B044-0009-46CF-B32E-6E85D26517D7}"
EndProject
Project("{FAE04EC0-301F-11D3-BF4B-00C04F79EFBC}") = "StrayG.WF", "StrayG.WF\StrayG.WF.csproj", "{E26C0AAD-80E8-4881-967A-A9B554FFE937}"
EndProject
Global
	GlobalSection(SolutionConfigurationPlatforms) = preSolution
		Debug|Any CPU = Debug|Any CPU
		Release|Any CPU = Release|Any CPU
	EndGlobalSection
	GlobalSection(ProjectConfigurationPlatforms) = postSolution
		{BA252FD9-CCEC-45F8-8686-1C49F06E3513}.Debug|Any CPU.ActiveCfg = Debug|Any CPU
		{BA252FD9-CCEC-45F8-8686-1C49F06E3513}.Debug|Any CPU.Build.0 = Debug|Any CPU
		{BA252FD9-CCEC-45F8-8686-1C49F06E3513}.Release|Any CPU.ActiveCfg = Release|Any CPU
		{BA252FD9-CCEC-45F8-8686-1C49F06E3513}.Release|Any CPU.Build.0 = Release|Any CPU
		{1F18D278-DAEE-49DD-B335-7F41BFB9C8AC}.Debug|Any CPU.ActiveCfg = Debug|Any CPU
		{1F18D278-DAEE-49DD-B335-7F41BFB9C8AC}.Debug|Any CPU.Build.0 = Debug|Any CPU
		{1F18D278-DAEE-49DD-B335-7F41BFB9C8AC}.Release|Any CPU.ActiveCfg = Release|Any CPU
		{1F18D278-DAEE-49DD-B335-7F41BFB9C8AC}.Release|Any CPU.Build.0 = Release|Any CPU
		{B105C02B-5DC2-4338-B058-B2FEDE130922}.Debug|Any CPU.ActiveCfg = Debug|Any CPU
		{B105C02B-5DC2-4338-B058-B2FEDE130922}.Debug|Any CPU.Build.0 = Debug|Any CPU
		{B105C02B-5DC2-4338-B058-B2FEDE130922}.Release|Any CPU.ActiveCfg = Release|Any CPU
		{B105C02B-5DC2-4338-B058-B2FEDE130922}.Release|Any CPU.Build.0 = Release|Any CPU
		{1F76BB1B-3EF4-4361-A276-B884C9BDF4C5}.Debug|Any CPU.ActiveCfg = Debug|Any CPU
		{1F76BB1B-3EF4-4361-A276-B884C9BDF4C5}.Debug|Any CPU.Build.0 = Debug|Any CPU
		{1F76BB1B-3EF4-4361-A276-B884C9BDF4C5}.Release|Any CPU.ActiveCfg = Release|Any CPU
		{1F76BB1B-3EF4-4361-A276-B884C9BDF4C5}.Release|Any CPU.Build.0 = Release|Any CPU
		{CCE9989C-24EE-4E53-8C4E-1BE4B58D55D1}.Debug|Any CPU.ActiveCfg = Debug|Any CPU
		{CCE9989C-24EE-4E53-8C4E-1BE4B58D55D1}.Debug|Any CPU.Build.0 = Debug|Any CPU
		{CCE9989C-24EE-4E53-8C4E-1BE4B58D55D1}.Release|Any CPU.ActiveCfg = Release|Any CPU
		{CCE9989C-24EE-4E53-8C4E-1BE4B58D55D1}.Release|Any CPU.Build.0 = Release|Any CPU
		{FCE25A91-8B3B-4993-8275-5C6F8CF7C13C}.Debug|Any CPU.ActiveCfg = Debug|Any CPU
		{FCE25A91-8B3B-4993-8275-5C6F8CF7C13C}.Debug|Any CPU.Build.0 = Debug|Any CPU
		{FCE25A91-8B3B-4993-8275-5C6F8CF7C13C}.Release|Any CPU.ActiveCfg = Release|Any CPU
		{FCE25A91-8B3B-4993-8275-5C6F8CF7C13C}.Release|Any CPU.Build.0 = Release|Any CPU
		{EA123129-B1B7-4BAE-9220-D53C6B3FFC1F}.Debug|Any CPU.ActiveCfg = Debug|Any CPU
		{EA123129-B1B7-4BAE-9220-D53C6B3FFC1F}.Debug|Any CPU.Build.0 = Debug|Any CPU
		{EA123129-B1B7-4BAE-9220-D53C6B3FFC1F}.Release|Any CPU.ActiveCfg = Release|Any CPU
		{EA123129-B1B7-4BAE-9220-D53C6B3FFC1F}.Release|Any CPU.Build.0 = Release|Any CPU
		{43A71903-05A7-4A41-8321-8A1C37FD52AA}.Debug|Any CPU.ActiveCfg = Debug|Any CPU
		{43A71903-05A7-4A41-8321-8A1C37FD52AA}.Debug|Any CPU.Build.0 = Debug|Any CPU
		{43A71903-05A7-4A41-8321-8A1C37FD52AA}.Release|Any CPU.ActiveCfg = Release|Any CPU
		{43A71903-05A7-4A41-8321-8A1C37FD52AA}.Release|Any CPU.Build.0 = Release|Any CPU
		{5759B044-0009-46CF-B32E-6E85D26517D7}.Debug|Any CPU.ActiveCfg = Debug|Any CPU
		{5759B044-0009-46CF-B32E-6E85D26517D7}.Debug|Any CPU.Build.0 = Debug|Any CPU
		{5759B044-0009-46CF-B32E-6E85D26517D7}.Release|Any CPU.ActiveCfg = Release|Any CPU
		{5759B044-0009-46CF-B32E-6E85D26517D7}.Release|Any CPU.Build.0 = Release|Any CPU
		{E26C0AAD-80E8-4881-967A-A9B554FFE937}.Debug|Any CPU.ActiveCfg = Debug|Any CPU
		{E26C0AAD-80E8-4881-967A-A9B554FFE937}.Debug|Any CPU.Build.0 = Debug|Any CPU
		{E26C0AAD-80E8-4881-967A-A9B554FFE937}.Release|Any CPU.ActiveCfg = Release|Any CPU
		{E26C0AAD-80E8-4881-967A-A9B554FFE937}.Release|Any CPU.Build.0 = Release|Any CPU
	EndGlobalSection
	GlobalSection(SolutionProperties) = preSolution
		HideSolutionNode = FALSE
	EndGlobalSection
	GlobalSection(ExtensibilityGlobals) = postSolution
		SolutionGuid = {9A8184D6-E4DF-4DCA-9FA2-717DF9D231B2}
	EndGlobalSection
EndGlobal
